
Microsoft Visual Studio Solution File, Format Version 12.00
# Visual Studio Version 17
VisualStudioVersion = 17.8.34316.72
MinimumVisualStudioVersion = 10.0.40219.1
Project("{9A19103F-16F7-4668-BE54-9A1E7A4F7556}") = "IMDB_Final", "IMDB_Final\IMDB_Final.csproj", "{B163A867-FCA5-46BC-B7C6-752E6D700267}"
EndProject
Project("{9A19103F-16F7-4668-BE54-9A1E7A4F7556}") = "IMDB.Repository", "IMDB.Repository\IMDB.Repository.csproj", "{34C5C8A6-CFFA-467B-B465-8F7AFDB6C0E4}"
EndProject
Project("{9A19103F-16F7-4668-BE54-9A1E7A4F7556}") = "IMDB.Services", "IMDB.Services\IMDB.Services.csproj", "{1E078175-111E-4046-ADA7-89AF786D8805}"
EndProject
Project("{9A19103F-16F7-4668-BE54-9A1E7A4F7556}") = "IMDB.Domain", "IMDB.Domain\IMDB.Domain.csproj", "{7EEDBFA9-9012-43CC-829E-4BA498FC8574}"
EndProject
Project("{FAE04EC0-301F-11D3-BF4B-00C04F79EFBC}") = "IMDB_Final.Tests", "IMDB_Final.Tests\IMDB_Final.Tests.csproj", "{41D0582E-BD8B-48EE-9E79-DE1033116809}"
EndProject
Global
	GlobalSection(SolutionConfigurationPlatforms) = preSolution
		Debug|Any CPU = Debug|Any CPU
		Release|Any CPU = Release|Any CPU
	EndGlobalSection
	GlobalSection(ProjectConfigurationPlatforms) = postSolution
		{B163A867-FCA5-46BC-B7C6-752E6D700267}.Debug|Any CPU.ActiveCfg = Debug|Any CPU
		{B163A867-FCA5-46BC-B7C6-752E6D700267}.Debug|Any CPU.Build.0 = Debug|Any CPU
		{B163A867-FCA5-46BC-B7C6-752E6D700267}.Release|Any CPU.ActiveCfg = Release|Any CPU
		{B163A867-FCA5-46BC-B7C6-752E6D700267}.Release|Any CPU.Build.0 = Release|Any CPU
		{34C5C8A6-CFFA-467B-B465-8F7AFDB6C0E4}.Debug|Any CPU.ActiveCfg = Debug|Any CPU
		{34C5C8A6-CFFA-467B-B465-8F7AFDB6C0E4}.Debug|Any CPU.Build.0 = Debug|Any CPU
		{34C5C8A6-CFFA-467B-B465-8F7AFDB6C0E4}.Release|Any CPU.ActiveCfg = Release|Any CPU
		{34C5C8A6-CFFA-467B-B465-8F7AFDB6C0E4}.Release|Any CPU.Build.0 = Release|Any CPU
		{1E078175-111E-4046-ADA7-89AF786D8805}.Debug|Any CPU.ActiveCfg = Debug|Any CPU
		{1E078175-111E-4046-ADA7-89AF786D8805}.Debug|Any CPU.Build.0 = Debug|Any CPU
		{1E078175-111E-4046-ADA7-89AF786D8805}.Release|Any CPU.ActiveCfg = Release|Any CPU
		{1E078175-111E-4046-ADA7-89AF786D8805}.Release|Any CPU.Build.0 = Release|Any CPU
		{7EEDBFA9-9012-43CC-829E-4BA498FC8574}.Debug|Any CPU.ActiveCfg = Debug|Any CPU
		{7EEDBFA9-9012-43CC-829E-4BA498FC8574}.Debug|Any CPU.Build.0 = Debug|Any CPU
		{7EEDBFA9-9012-43CC-829E-4BA498FC8574}.Release|Any CPU.ActiveCfg = Release|Any CPU
		{7EEDBFA9-9012-43CC-829E-4BA498FC8574}.Release|Any CPU.Build.0 = Release|Any CPU
		{41D0582E-BD8B-48EE-9E79-DE1033116809}.Debug|Any CPU.ActiveCfg = Debug|Any CPU
		{41D0582E-BD8B-48EE-9E79-DE1033116809}.Debug|Any CPU.Build.0 = Debug|Any CPU
		{41D0582E-BD8B-48EE-9E79-DE1033116809}.Release|Any CPU.ActiveCfg = Release|Any CPU
		{41D0582E-BD8B-48EE-9E79-DE1033116809}.Release|Any CPU.Build.0 = Release|Any CPU
	EndGlobalSection
	GlobalSection(SolutionProperties) = preSolution
		HideSolutionNode = FALSE
	EndGlobalSection
	GlobalSection(ExtensibilityGlobals) = postSolution
		SolutionGuid = {13EB412D-861E-4FEF-A483-441F7970889E}
	EndGlobalSection
EndGlobal
